{
  "version": 4,
  "terraform_version": "1.14.0",
  "serial": 3,
  "lineage": "9f6b7dde-7a41-79bd-6eb5-96729734ad57",
  "outputs": {
    "ca_certificate": {
      "value": "LS0tLS1CRUdJTiBDRVJUSUZJQ0FURS0tLS0tCk1JSUVMRENDQXBTZ0F3SUJBZ0lRQWQ0cnpkQkVia1JhTFRVVHJwMVlXREFOQmdrcWhraUc5dzBCQVFzRkFEQXYKTVMwd0t3WURWUVFERXlSbFpXRXpNREkzWlMweU16VmtMVFJoWm1ZdE9EUTVPQzB4TjJJeE5qSmhZV1V6WVRZdwpJQmNOTWpVeE1USXlNRGd3TlRBeVdoZ1BNakExTlRFeE1UVXdPVEExTURKYU1DOHhMVEFyQmdOVkJBTVRKR1ZsCllUTXdNamRsTFRJek5XUXROR0ZtWmkwNE5EazRMVEUzWWpFMk1tRmhaVE5oTmpDQ0FhSXdEUVlKS29aSWh2Y04KQVFFQkJRQURnZ0dQQURDQ0FZb0NnZ0dCQUxUeUNQd0F2VWF5Y2k5NWVJem5TemdrRzNjbmJIZ0lIekxldk5FOApDVjB3eWNzOC9lbW5JUmdtK1V1a1ZLV3k3S0Zjb25vRjF6Y013MjZUejM3OFUycWo1RzZxMERIRXhqbjRBSUR4CnZZOUxtU1pCbTZXRlRvL3loaXJEUVg0ZGJjekpHd2tCak5VQXFEckM1Mk1rWkg5eXVieStuNFdVVVVUSmMvcXkKNXN2NDBqM2dodk14MGx5Q2lwWVVZbXVib3lEQXV6SnZHQ253aHM2VU9McllTWE1qSldpL2pTcEw4NjV0UENDYgpkRnZVUmM2c2Q0U3hVblgvVWJqOTF0QS9uWE0zRVprd3RHZG1xQ2NDakRXNWs2VHg2N0xVeFFvaElPelc2MkJ3ClBPR2FIUjJUeEcyUmozRmN6d1NrT2hVeDZmOVZLRlBlcnBNekk2WjBBUHFPL1NZMlBvOVVWR2dGSEZWQUZ1U1cKdk1vMkdmSnQ1enNyN2pRZ3FXMmlIdzFJR3l6NnArODRiRnhtN2dvckp5bDVvanJkaE9kSW5hMFZrakF3TDV6cAp6dUJBRm9oNXpYbWRyVWc3R09nSDJBOWo5RDFrVXdGRWRxUzRzbUdzZmlOYlVLbHFRc0VKUkdBeWhXbWVuRFdpCkhHcG1ZSFdwOHR2bWNJU0NsM0ttZmp2cjd3SURBUUFCbzBJd1FEQU9CZ05WSFE4QkFmOEVCQU1DQWdRd0R3WUQKVlIwVEFRSC9CQVV3QXdFQi96QWRCZ05WSFE0RUZnUVV2QThZaTVBUzI1dzRaYVRXWVQ5UVZlMkZMR1V3RFFZSgpLb1pJaHZjTkFRRUxCUUFEZ2dHQkFIanNTWnVxQmg5MzZBOFpMQUNkOXlNMXAwTmtOL0JTNWJ0NUY4bVoxdk5mCjFnTG1PNnJnenM1ZUFUOGJuYk5hWVNRMmR3c0t6MXhMelVJdnNCL3BVazhla1M0YUNiSEUvdWdqbitIOCtYL28KZ2xaemNFbU9rSENkQzNoQjZCRnJBVDdNWmR4QTB2cTFZRDlLRmtCOUVGLzRhVzdkOXlXTWQwVkRGR0VROXVTTQpPT3hmenA2dGM3dGZ1RS90QzRjTkw2anpiak5rT2lxazhPV1Y1MmtpWkpYTGZpTjJRTDdubHdOa3lwckNyenpZCkRGM2Urb0xiWTdYUmNFUTZHaXY4a3RVT1I0M0VnZWU0MkZkWWpmTGxiTnFRNGJ6TXhsV2pGL3pSbmFFenJtQVQKVklieWNzMTR0QjgrOUR6T0FLbmJicnQ2L08yMWpITXE0RVc4dTIwUUdROEVPcUdHSVZwYjR2UGxQVDk5OXl1QgpYd3J0MWIvN0tMbFozVlpUVUZNenRDM1BiRHdSVHd6ZlZZbWFLQ1N5bWpQcExyMzFsTUtTNDZNUmUwWEFHYUhNCnFEY3NjcU5LV3NUbHhBeSs1ZmpiNEo2dlBFWUVhWWxXR2JURGVDdnpRYnhLVmFzUThvQ0JPdXJGZ21ld291N24KbXhIK0RvZ0JsRk9BandJMGx6WEhKZz09Ci0tLS0tRU5EIENFUlRJRklDQVRFLS0tLS0K",
      "type": "string"
    },
    "cluster_name": {
      "value": "prod-gke",
      "type": "string"
    },
    "endpoint": {
      "value": "34.42.44.6",
      "type": "string"
    }
  },
  "resources": [
    {
      "mode": "managed",
      "type": "google_container_cluster",
      "name": "gke",
      "provider": "provider[\"registry.terraform.io/hashicorp/google\"]",
      "instances": [
        {
          "schema_version": 2,
          "attributes": {
            "addons_config": [
              {
                "cloudrun_config": [],
                "config_connector_config": [],
                "dns_cache_config": [],
                "gce_persistent_disk_csi_driver_config": [
                  {
                    "enabled": true
                  }
                ],
                "gcp_filestore_csi_driver_config": [],
                "gcs_fuse_csi_driver_config": [],
                "gke_backup_agent_config": [],
                "horizontal_pod_autoscaling": [],
                "http_load_balancing": [],
                "network_policy_config": [
                  {
                    "disabled": true
                  }
                ],
                "ray_operator_config": [],
                "stateful_ha_config": []
              }
            ],
            "allow_net_admin": null,
            "authenticator_groups_config": [],
            "binary_authorization": [
              {
                "enabled": false,
                "evaluation_mode": ""
              }
            ],
            "cluster_autoscaling": [
              {
                "auto_provisioning_defaults": [],
                "auto_provisioning_locations": [],
                "autoscaling_profile": "BALANCED",
                "enabled": false,
                "resource_limits": []
              }
            ],
            "cluster_ipv4_cidr": "10.96.0.0/14",
            "confidential_nodes": [],
            "cost_management_config": [],
            "database_encryption": [
              {
                "key_name": "",
                "state": "DECRYPTED"
              }
            ],
            "datapath_provider": "",
            "default_max_pods_per_node": 110,
            "default_snat_status": [
              {
                "disabled": false
              }
            ],
            "deletion_protection": true,
            "description": "",
            "dns_config": [],
            "enable_autopilot": false,
            "enable_cilium_clusterwide_network_policy": false,
            "enable_intranode_visibility": false,
            "enable_k8s_beta_apis": [],
            "enable_kubernetes_alpha": false,
            "enable_l4_ilb_subsetting": false,
            "enable_legacy_abac": false,
            "enable_multi_networking": false,
            "enable_shielded_nodes": true,
            "enable_tpu": false,
            "endpoint": "34.42.44.6",
            "fleet": [],
            "gateway_api_config": [],
            "id": "projects/big-potential-478810-t1/locations/us-central1-c/clusters/prod-gke",
            "identity_service_config": [],
            "initial_node_count": 1,
            "ip_allocation_policy": [
              {
                "additional_pod_ranges_config": [],
                "cluster_ipv4_cidr_block": "10.96.0.0/14",
                "cluster_secondary_range_name": "gke-prod-gke-pods-4ebc420c",
                "pod_cidr_overprovision_config": [
                  {
                    "disabled": false
                  }
                ],
                "services_ipv4_cidr_block": "34.118.224.0/20",
                "services_secondary_range_name": "",
                "stack_type": "IPV4"
              }
            ],
            "label_fingerprint": "a9dc16a7",
            "location": "us-central1-c",
            "logging_config": [
              {
                "enable_components": [
                  "SYSTEM_COMPONENTS",
                  "WORKLOADS"
                ]
              }
            ],
            "logging_service": "logging.googleapis.com/kubernetes",
            "maintenance_policy": [],
            "master_auth": [
              {
                "client_certificate": "",
                "client_certificate_config": [
                  {
                    "issue_client_certificate": false
                  }
                ],
                "client_key": "",
                "cluster_ca_certificate": "LS0tLS1CRUdJTiBDRVJUSUZJQ0FURS0tLS0tCk1JSUVMRENDQXBTZ0F3SUJBZ0lRQWQ0cnpkQkVia1JhTFRVVHJwMVlXREFOQmdrcWhraUc5dzBCQVFzRkFEQXYKTVMwd0t3WURWUVFERXlSbFpXRXpNREkzWlMweU16VmtMVFJoWm1ZdE9EUTVPQzB4TjJJeE5qSmhZV1V6WVRZdwpJQmNOTWpVeE1USXlNRGd3TlRBeVdoZ1BNakExTlRFeE1UVXdPVEExTURKYU1DOHhMVEFyQmdOVkJBTVRKR1ZsCllUTXdNamRsTFRJek5XUXROR0ZtWmkwNE5EazRMVEUzWWpFMk1tRmhaVE5oTmpDQ0FhSXdEUVlKS29aSWh2Y04KQVFFQkJRQURnZ0dQQURDQ0FZb0NnZ0dCQUxUeUNQd0F2VWF5Y2k5NWVJem5TemdrRzNjbmJIZ0lIekxldk5FOApDVjB3eWNzOC9lbW5JUmdtK1V1a1ZLV3k3S0Zjb25vRjF6Y013MjZUejM3OFUycWo1RzZxMERIRXhqbjRBSUR4CnZZOUxtU1pCbTZXRlRvL3loaXJEUVg0ZGJjekpHd2tCak5VQXFEckM1Mk1rWkg5eXVieStuNFdVVVVUSmMvcXkKNXN2NDBqM2dodk14MGx5Q2lwWVVZbXVib3lEQXV6SnZHQ253aHM2VU9McllTWE1qSldpL2pTcEw4NjV0UENDYgpkRnZVUmM2c2Q0U3hVblgvVWJqOTF0QS9uWE0zRVprd3RHZG1xQ2NDakRXNWs2VHg2N0xVeFFvaElPelc2MkJ3ClBPR2FIUjJUeEcyUmozRmN6d1NrT2hVeDZmOVZLRlBlcnBNekk2WjBBUHFPL1NZMlBvOVVWR2dGSEZWQUZ1U1cKdk1vMkdmSnQ1enNyN2pRZ3FXMmlIdzFJR3l6NnArODRiRnhtN2dvckp5bDVvanJkaE9kSW5hMFZrakF3TDV6cAp6dUJBRm9oNXpYbWRyVWc3R09nSDJBOWo5RDFrVXdGRWRxUzRzbUdzZmlOYlVLbHFRc0VKUkdBeWhXbWVuRFdpCkhHcG1ZSFdwOHR2bWNJU0NsM0ttZmp2cjd3SURBUUFCbzBJd1FEQU9CZ05WSFE4QkFmOEVCQU1DQWdRd0R3WUQKVlIwVEFRSC9CQVV3QXdFQi96QWRCZ05WSFE0RUZnUVV2QThZaTVBUzI1dzRaYVRXWVQ5UVZlMkZMR1V3RFFZSgpLb1pJaHZjTkFRRUxCUUFEZ2dHQkFIanNTWnVxQmg5MzZBOFpMQUNkOXlNMXAwTmtOL0JTNWJ0NUY4bVoxdk5mCjFnTG1PNnJnenM1ZUFUOGJuYk5hWVNRMmR3c0t6MXhMelVJdnNCL3BVazhla1M0YUNiSEUvdWdqbitIOCtYL28KZ2xaemNFbU9rSENkQzNoQjZCRnJBVDdNWmR4QTB2cTFZRDlLRmtCOUVGLzRhVzdkOXlXTWQwVkRGR0VROXVTTQpPT3hmenA2dGM3dGZ1RS90QzRjTkw2anpiak5rT2lxazhPV1Y1MmtpWkpYTGZpTjJRTDdubHdOa3lwckNyenpZCkRGM2Urb0xiWTdYUmNFUTZHaXY4a3RVT1I0M0VnZWU0MkZkWWpmTGxiTnFRNGJ6TXhsV2pGL3pSbmFFenJtQVQKVklieWNzMTR0QjgrOUR6T0FLbmJicnQ2L08yMWpITXE0RVc4dTIwUUdROEVPcUdHSVZwYjR2UGxQVDk5OXl1QgpYd3J0MWIvN0tMbFozVlpUVUZNenRDM1BiRHdSVHd6ZlZZbWFLQ1N5bWpQcExyMzFsTUtTNDZNUmUwWEFHYUhNCnFEY3NjcU5LV3NUbHhBeSs1ZmpiNEo2dlBFWUVhWWxXR2JURGVDdnpRYnhLVmFzUThvQ0JPdXJGZ21ld291N24KbXhIK0RvZ0JsRk9BandJMGx6WEhKZz09Ci0tLS0tRU5EIENFUlRJRklDQVRFLS0tLS0K"
              }
            ],
            "master_authorized_networks_config": [],
            "master_version": "1.33.5-gke.1201000",
            "mesh_certificates": [],
            "min_master_version": null,
            "monitoring_config": [
              {
                "advanced_datapath_observability_config": [
                  {
                    "enable_metrics": false,
                    "enable_relay": false,
                    "relay_mode": "DISABLED"
                  }
                ],
                "enable_components": [
                  "SYSTEM_COMPONENTS",
                  "DAEMONSET",
                  "DEPLOYMENT",
                  "STATEFULSET",
                  "JOBSET",
                  "STORAGE",
                  "HPA",
                  "POD",
                  "CADVISOR",
                  "KUBELET",
                  "DCGM"
                ],
                "managed_prometheus": [
                  {
                    "enabled": true
                  }
                ]
              }
            ],
            "monitoring_service": "monitoring.googleapis.com/kubernetes",
            "name": "prod-gke",
            "network": "projects/big-potential-478810-t1/global/networks/default",
            "network_policy": [
              {
                "enabled": false,
                "provider": "PROVIDER_UNSPECIFIED"
              }
            ],
            "networking_mode": "VPC_NATIVE",
            "node_config": [],
            "node_locations": [],
            "node_pool": [],
            "node_pool_auto_config": [
              {
                "network_tags": [],
                "node_kubelet_config": [
                  {
                    "insecure_kubelet_readonly_port_enabled": "FALSE"
                  }
                ],
                "resource_manager_tags": {}
              }
            ],
            "node_pool_defaults": [
              {
                "node_config_defaults": [
                  {
                    "containerd_config": [],
                    "insecure_kubelet_readonly_port_enabled": "FALSE",
                    "logging_variant": "DEFAULT"
                  }
                ]
              }
            ],
            "node_version": "1.33.5-gke.1201000",
            "notification_config": [
              {
                "pubsub": [
                  {
                    "enabled": false,
                    "filter": [],
                    "topic": ""
                  }
                ]
              }
            ],
            "operation": null,
            "private_cluster_config": [
              {
                "enable_private_endpoint": false,
                "enable_private_nodes": false,
                "master_global_access_config": [
                  {
                    "enabled": false
                  }
                ],
                "master_ipv4_cidr_block": "",
                "peering_name": "",
                "private_endpoint": "10.128.0.3",
                "private_endpoint_subnetwork": "",
                "public_endpoint": "34.42.44.6"
              }
            ],
            "private_ipv6_google_access": "",
            "project": "big-potential-478810-t1",
            "release_channel": [
              {
                "channel": "REGULAR"
              }
            ],
            "remove_default_node_pool": true,
            "resource_labels": null,
            "resource_usage_export_config": [],
            "security_posture_config": [
              {
                "mode": "BASIC",
                "vulnerability_mode": "VULNERABILITY_MODE_UNSPECIFIED"
              }
            ],
            "self_link": "https://container.googleapis.com/v1/projects/big-potential-478810-t1/zones/us-central1-c/clusters/prod-gke",
            "service_external_ips_config": [
              {
                "enabled": false
              }
            ],
            "services_ipv4_cidr": "34.118.224.0/20",
            "subnetwork": "projects/big-potential-478810-t1/regions/us-central1/subnetworks/default",
            "timeouts": null,
            "tpu_ipv4_cidr_block": "",
            "vertical_pod_autoscaling": [],
            "workload_identity_config": [
              {
                "workload_pool": "big-potential-478810-t1.svc.id.goog"
              }
            ]
          },
          "sensitive_attributes": [
            [
              {
                "type": "get_attr",
                "value": "master_auth"
              },
              {
                "type": "index",
                "value": {
                  "value": 0,
                  "type": "number"
                }
              },
              {
                "type": "get_attr",
                "value": "client_key"
              }
            ]
          ],
          "identity_schema_version": 0,
          "private": "eyJlMmJmYjczMC1lY2FhLTExZTYtOGY4OC0zNDM2M2JjN2M0YzAiOnsiY3JlYXRlIjoyNDAwMDAwMDAwMDAwLCJkZWxldGUiOjI0MDAwMDAwMDAwMDAsInJlYWQiOjI0MDAwMDAwMDAwMDAsInVwZGF0ZSI6MzYwMDAwMDAwMDAwMH0sInNjaGVtYV92ZXJzaW9uIjoiMiJ9"
        }
      ]
    },
    {
      "mode": "managed",
      "type": "google_container_node_pool",
      "name": "general",
      "provider": "provider[\"registry.terraform.io/hashicorp/google\"]",
      "instances": [
        {
          "schema_version": 1,
          "attributes": {
            "autoscaling": [],
            "cluster": "prod-gke",
            "id": "projects/big-potential-478810-t1/locations/us-central1-c/clusters/prod-gke/nodePools/general-pool",
            "initial_node_count": 1,
            "instance_group_urls": [
              "https://www.googleapis.com/compute/v1/projects/big-potential-478810-t1/zones/us-central1-c/instanceGroupManagers/gke-prod-gke-general-pool-56a9e0c4-grp"
            ],
            "location": "us-central1-c",
            "managed_instance_group_urls": [
              "https://www.googleapis.com/compute/v1/projects/big-potential-478810-t1/zones/us-central1-c/instanceGroups/gke-prod-gke-general-pool-56a9e0c4-grp"
            ],
            "management": [
              {
                "auto_repair": true,
                "auto_upgrade": true
              }
            ],
            "max_pods_per_node": 110,
            "name": "general-pool",
            "name_prefix": "",
            "network_config": [
              {
                "additional_node_network_configs": [],
                "additional_pod_network_configs": [],
                "create_pod_range": false,
                "enable_private_nodes": false,
                "network_performance_config": [],
                "pod_cidr_overprovision_config": [],
                "pod_ipv4_cidr_block": "10.96.0.0/14",
                "pod_range": "gke-prod-gke-pods-4ebc420c"
              }
            ],
            "node_config": [
              {
                "advanced_machine_features": [
                  {
                    "enable_nested_virtualization": false,
                    "threads_per_core": 1
                  }
                ],
                "boot_disk_kms_key": "",
                "confidential_nodes": [],
                "containerd_config": [],
                "disk_size_gb": 100,
                "disk_type": "pd-balanced",
                "effective_taints": [],
                "enable_confidential_storage": false,
                "ephemeral_storage_local_ssd_config": [],
                "fast_socket": [],
                "gcfs_config": [],
                "guest_accelerator": [],
                "gvnic": [],
                "host_maintenance_policy": [],
                "image_type": "COS_CONTAINERD",
                "kubelet_config": [
                  {
                    "cpu_cfs_quota": false,
                    "cpu_cfs_quota_period": "",
                    "cpu_manager_policy": "",
                    "insecure_kubelet_readonly_port_enabled": "FALSE",
                    "pod_pids_limit": 0
                  }
                ],
                "labels": {
                  "role": "general"
                },
                "linux_node_config": [],
                "local_nvme_ssd_block_config": [],
                "local_ssd_count": 0,
                "logging_variant": "DEFAULT",
                "machine_type": "e2-standard-4",
                "metadata": {
                  "disable-legacy-endpoints": "true"
                },
                "min_cpu_platform": "",
                "node_group": "",
                "oauth_scopes": [
                  "https://www.googleapis.com/auth/cloud-platform"
                ],
                "preemptible": false,
                "reservation_affinity": [],
                "resource_labels": {
                  "goog-gke-node-pool-provisioning-model": "on-demand"
                },
                "resource_manager_tags": null,
                "secondary_boot_disks": [],
                "service_account": "default",
                "shielded_instance_config": [
                  {
                    "enable_integrity_monitoring": true,
                    "enable_secure_boot": false
                  }
                ],
                "sole_tenant_config": [],
                "spot": false,
                "tags": [
                  "gke-node"
                ],
                "taint": [],
                "workload_metadata_config": [
                  {
                    "mode": "GKE_METADATA"
                  }
                ]
              }
            ],
            "node_count": 1,
            "node_locations": [
              "us-central1-c"
            ],
            "operation": null,
            "placement_policy": [],
            "project": "big-potential-478810-t1",
            "queued_provisioning": [],
            "timeouts": null,
            "upgrade_settings": [
              {
                "blue_green_settings": [],
                "max_surge": 1,
                "max_unavailable": 0,
                "strategy": "SURGE"
              }
            ],
            "version": "1.33.5-gke.1201000"
          },
          "sensitive_attributes": [],
          "identity_schema_version": 0,
          "private": "eyJlMmJmYjczMC1lY2FhLTExZTYtOGY4OC0zNDM2M2JjN2M0YzAiOnsiY3JlYXRlIjoxODAwMDAwMDAwMDAwLCJkZWxldGUiOjE4MDAwMDAwMDAwMDAsInVwZGF0ZSI6MTgwMDAwMDAwMDAwMH0sInNjaGVtYV92ZXJzaW9uIjoiMSJ9",
          "dependencies": [
            "google_container_cluster.gke"
          ]
        }
      ]
    }
  ],
  "check_results": null
}
